github.com/go-zoox/core-utils v1.0.4/go.mod h1:EknM3KLL6/kagL95wZbWE7mRRcYCG/fHqiJ/EH0ihAs=
github.com/go-zoox/core-utils v1.0.13 h1:aI20hoVvPjVfJSgy01XUliEdIvvMmdlvEcrXBg7Pbkc=
github.com/go-zoox/core-utils v1.0.13/go.mod h1:EknM3KLL6/kagL95wZbWE7mRRcYCG/fHqiJ/EH0ihAs=
github.com/go-zoox/testify v1.0.0 h1:zXuj+JMcudM/dWk8HgMfCKpGYDcyHbTUBGxH35SGubU=
github.com/go-zoox/testify v1.0.0/go.mod h1:6+UZ2gOcwcnUvR5lclGRnLrE3/mLoQMAGExjrZgs3aA=
github.com/ttacon/chalk v0.0.0-20160626202418-22c06c80ed31 h1:OXcKh35JaYsGMRzpvFkLv/MEyPuL49CThT1pZ8aSml4=
github.com/ttacon/chalk v0.0.0-20160626202418-22c06c80ed31/go.mod h1:onvgF043R+lC5RZ8IT9rBXDaEDnpnw/Cl+HFiw+v/7Q=
